
Microsoft Visual Studio Solution File, Format Version 12.00
# Visual Studio Version 16
VisualStudioVersion = 16.0.30717.126
MinimumVisualStudioVersion = 10.0.40219.1
Project("{9A19103F-16F7-4668-BE54-9A1E7A4F7556}") = "WebAPI", "WebAPI\WebAPI.csproj", "{BD3440C6-9463-42B2-9B6E-B5278879DEA6}"
EndProject
Project("{9A19103F-16F7-4668-BE54-9A1E7A4F7556}") = "WebAPI.Data", "WebAPI.Data\WebAPI.Data.csproj", "{EE925312-1B29-46B4-8120-780A9232C918}"
EndProject
Project("{9A19103F-16F7-4668-BE54-9A1E7A4F7556}") = "WebAPI.Services", "WebAPI.Services\WebAPI.Services.csproj", "{D4E056C9-5168-42AD-88F4-F3F77F5B5EF6}"
EndProject
Global
	GlobalSection(SolutionConfigurationPlatforms) = preSolution
		Debug|Any CPU = Debug|Any CPU
		Release|Any CPU = Release|Any CPU
	EndGlobalSection
	GlobalSection(ProjectConfigurationPlatforms) = postSolution
		{BD3440C6-9463-42B2-9B6E-B5278879DEA6}.Debug|Any CPU.ActiveCfg = Debug|Any CPU
		{BD3440C6-9463-42B2-9B6E-B5278879DEA6}.Debug|Any CPU.Build.0 = Debug|Any CPU
		{BD3440C6-9463-42B2-9B6E-B5278879DEA6}.Release|Any CPU.ActiveCfg = Release|Any CPU
		{BD3440C6-9463-42B2-9B6E-B5278879DEA6}.Release|Any CPU.Build.0 = Release|Any CPU
		{EE925312-1B29-46B4-8120-780A9232C918}.Debug|Any CPU.ActiveCfg = Debug|Any CPU
		{EE925312-1B29-46B4-8120-780A9232C918}.Debug|Any CPU.Build.0 = Debug|Any CPU
		{EE925312-1B29-46B4-8120-780A9232C918}.Release|Any CPU.ActiveCfg = Release|Any CPU
		{EE925312-1B29-46B4-8120-780A9232C918}.Release|Any CPU.Build.0 = Release|Any CPU
		{D4E056C9-5168-42AD-88F4-F3F77F5B5EF6}.Debug|Any CPU.ActiveCfg = Debug|Any CPU
		{D4E056C9-5168-42AD-88F4-F3F77F5B5EF6}.Debug|Any CPU.Build.0 = Debug|Any CPU
		{D4E056C9-5168-42AD-88F4-F3F77F5B5EF6}.Release|Any CPU.ActiveCfg = Release|Any CPU
		{D4E056C9-5168-42AD-88F4-F3F77F5B5EF6}.Release|Any CPU.Build.0 = Release|Any CPU
	EndGlobalSection
	GlobalSection(SolutionProperties) = preSolution
		HideSolutionNode = FALSE
	EndGlobalSection
	GlobalSection(ExtensibilityGlobals) = postSolution
		SolutionGuid = {1F29300E-940C-4A86-9CFB-4F980B29EC91}
	EndGlobalSection
EndGlobal
